// !$*UTF8*$!
{
	archiveVersion = 1;
	classes = {
	};
	objectVersion = 52;
	objects = {

/* Begin PBXBuildFile section */
		7913137C25DD483A00E3D60B /* ImageData.swift in Sources */ = {isa = PBXBuildFile; fileRef = 7913137B25DD483A00E3D60B /* ImageData.swift */; };
		7948377125DE4FDA00F18909 /* ImageFactory.swift in Sources */ = {isa = PBXBuildFile; fileRef = 7948377025DE4FDA00F18909 /* ImageFactory.swift */; };
		79507ECF25DD28A400A3BDD1 /* CoreImage+CoreDataClass.swift in Sources */ = {isa = PBXBuildFile; fileRef = 79507ECD25DD28A400A3BDD1 /* CoreImage+CoreDataClass.swift */; };
		79507ED025DD28A400A3BDD1 /* CoreImage+CoreDataProperties.swift in Sources */ = {isa = PBXBuildFile; fileRef = 79507ECE25DD28A400A3BDD1 /* CoreImage+CoreDataProperties.swift */; };
		79507ED425DD28C800A3BDD1 /* CoreDataStack.swift in Sources */ = {isa = PBXBuildFile; fileRef = 79507ED325DD28C800A3BDD1 /* CoreDataStack.swift */; };
		79654EAF25DBB91A0076E44E /* Alamofire in Frameworks */ = {isa = PBXBuildFile; productRef = 79654EAE25DBB91A0076E44E /* Alamofire */; };
		79654EB225DBB9280076E44E /* AuthService.swift in Sources */ = {isa = PBXBuildFile; fileRef = 79654EB125DBB9280076E44E /* AuthService.swift */; };
		79654EB825DBC3CC0076E44E /* AuthViewController.swift in Sources */ = {isa = PBXBuildFile; fileRef = 79654EB725DBC3CC0076E44E /* AuthViewController.swift */; };
		79654EC525DBCED40076E44E /* KeychainServices.swift in Sources */ = {isa = PBXBuildFile; fileRef = 79654EC425DBCED40076E44E /* KeychainServices.swift */; };
		797CBA2625DEC97F00CE3611 /* LocalAuthentication.framework in Frameworks */ = {isa = PBXBuildFile; fileRef = 797CBA2425DEC96A00CE3611 /* LocalAuthentication.framework */; };
		7993C3B725DD306700F2A93F /* NetworkError.swift in Sources */ = {isa = PBXBuildFile; fileRef = 7993C3B625DD306700F2A93F /* NetworkError.swift */; };
		79A0A8E425DD3DF5006F4833 /* DataProvider.swift in Sources */ = {isa = PBXBuildFile; fileRef = 79A0A8E325DD3DF5006F4833 /* DataProvider.swift */; };
		79A4363025DD9620004C0547 /* UICollectionViewFetchedResultsController.swift in Sources */ = {isa = PBXBuildFile; fileRef = 79A4362F25DD9620004C0547 /* UICollectionViewFetchedResultsController.swift */; };
		79A4363525DD9829004C0547 /* ImagesViewController.swift in Sources */ = {isa = PBXBuildFile; fileRef = 79A4363325DD9829004C0547 /* ImagesViewController.swift */; };
		79A4363625DD9829004C0547 /* ImagesViewController.xib in Resources */ = {isa = PBXBuildFile; fileRef = 79A4363425DD9829004C0547 /* ImagesViewController.xib */; };
		79A4363A25DD9A93004C0547 /* ImagesDataSource.swift in Sources */ = {isa = PBXBuildFile; fileRef = 79A4363925DD9A93004C0547 /* ImagesDataSource.swift */; };
		79A4364025DD9B67004C0547 /* ImageCell.swift in Sources */ = {isa = PBXBuildFile; fileRef = 79A4363E25DD9B67004C0547 /* ImageCell.swift */; };
		79A4364125DD9B67004C0547 /* ImageCell.xib in Resources */ = {isa = PBXBuildFile; fileRef = 79A4363F25DD9B67004C0547 /* ImageCell.xib */; };
		79A4364525DD9DB8004C0547 /* ImagesFRC.swift in Sources */ = {isa = PBXBuildFile; fileRef = 79A4364425DD9DB8004C0547 /* ImagesFRC.swift */; };
		79A4364925DDA074004C0547 /* UIResponder.swift in Sources */ = {isa = PBXBuildFile; fileRef = 79A4364825DDA074004C0547 /* UIResponder.swift */; };
		79B1999725DBB2950064B2C8 /* AppDelegate.swift in Sources */ = {isa = PBXBuildFile; fileRef = 79B1999625DBB2950064B2C8 /* AppDelegate.swift */; };
		79B1999925DBB2950064B2C8 /* SceneDelegate.swift in Sources */ = {isa = PBXBuildFile; fileRef = 79B1999825DBB2950064B2C8 /* SceneDelegate.swift */; };
		79B1999B25DBB2950064B2C8 /* LoginViewController.swift in Sources */ = {isa = PBXBuildFile; fileRef = 79B1999A25DBB2950064B2C8 /* LoginViewController.swift */; };
		79B1999E25DBB2950064B2C8 /* Main.storyboard in Resources */ = {isa = PBXBuildFile; fileRef = 79B1999C25DBB2950064B2C8 /* Main.storyboard */; };
		79B199A125DBB2950064B2C8 /* Images.xcdatamodeld in Sources */ = {isa = PBXBuildFile; fileRef = 79B1999F25DBB2950064B2C8 /* Images.xcdatamodeld */; };
		79B199A325DBB2980064B2C8 /* Assets.xcassets in Resources */ = {isa = PBXBuildFile; fileRef = 79B199A225DBB2980064B2C8 /* Assets.xcassets */; };
		79B199A625DBB2980064B2C8 /* LaunchScreen.storyboard in Resources */ = {isa = PBXBuildFile; fileRef = 79B199A425DBB2980064B2C8 /* LaunchScreen.storyboard */; };
		79D7686925DD2D2B00405E7C /* ApiService.swift in Sources */ = {isa = PBXBuildFile; fileRef = 79D7686825DD2D2B00405E7C /* ApiService.swift */; };
		79D7686C25DD2E1F00405E7C /* ImageInfo.swift in Sources */ = {isa = PBXBuildFile; fileRef = 79D7686B25DD2E1F00405E7C /* ImageInfo.swift */; };
		79F6F57625DC512E005EFDA3 /* RepositoryContent.swift in Sources */ = {isa = PBXBuildFile; fileRef = 79F6F57525DC512E005EFDA3 /* RepositoryContent.swift */; };
/* End PBXBuildFile section */

/* Begin PBXFileReference section */
		7913137B25DD483A00E3D60B /* ImageData.swift */ = {isa = PBXFileReference; lastKnownFileType = sourcecode.swift; path = ImageData.swift; sourceTree = "<group>"; };
		7948377025DE4FDA00F18909 /* ImageFactory.swift */ = {isa = PBXFileReference; lastKnownFileType = sourcecode.swift; path = ImageFactory.swift; sourceTree = "<group>"; };
		79507ECD25DD28A400A3BDD1 /* CoreImage+CoreDataClass.swift */ = {isa = PBXFileReference; fileEncoding = 4; lastKnownFileType = sourcecode.swift; name = "CoreImage+CoreDataClass.swift"; path = "Homework-6/CoreData/Entities/CoreImage+CoreDataClass.swift"; sourceTree = SOURCE_ROOT; };
		79507ECE25DD28A400A3BDD1 /* CoreImage+CoreDataProperties.swift */ = {isa = PBXFileReference; fileEncoding = 4; lastKnownFileType = sourcecode.swift; name = "CoreImage+CoreDataProperties.swift"; path = "Homework-6/CoreData/Entities/CoreImage+CoreDataProperties.swift"; sourceTree = SOURCE_ROOT; };
		79507ED325DD28C800A3BDD1 /* CoreDataStack.swift */ = {isa = PBXFileReference; lastKnownFileType = sourcecode.swift; path = CoreDataStack.swift; sourceTree = "<group>"; };
		79654EB125DBB9280076E44E /* AuthService.swift */ = {isa = PBXFileReference; lastKnownFileType = sourcecode.swift; path = AuthService.swift; sourceTree = "<group>"; };
		79654EB725DBC3CC0076E44E /* AuthViewController.swift */ = {isa = PBXFileReference; lastKnownFileType = sourcecode.swift; path = AuthViewController.swift; sourceTree = "<group>"; };
		79654EC425DBCED40076E44E /* KeychainServices.swift */ = {isa = PBXFileReference; fileEncoding = 4; lastKnownFileType = sourcecode.swift; path = KeychainServices.swift; sourceTree = "<group>"; };
		797CBA2425DEC96A00CE3611 /* LocalAuthentication.framework */ = {isa = PBXFileReference; lastKnownFileType = wrapper.framework; name = LocalAuthentication.framework; path = System/Library/Frameworks/LocalAuthentication.framework; sourceTree = SDKROOT; };
		797CBA2A25DEF79D00CE3611 /* Config.xcconfig */ = {isa = PBXFileReference; lastKnownFileType = text.xcconfig; path = Config.xcconfig; sourceTree = "<group>"; };
		7993C3B625DD306700F2A93F /* NetworkError.swift */ = {isa = PBXFileReference; lastKnownFileType = sourcecode.swift; path = NetworkError.swift; sourceTree = "<group>"; };
		79A0A8E325DD3DF5006F4833 /* DataProvider.swift */ = {isa = PBXFileReference; lastKnownFileType = sourcecode.swift; path = DataProvider.swift; sourceTree = "<group>"; };
		79A4362F25DD9620004C0547 /* UICollectionViewFetchedResultsController.swift */ = {isa = PBXFileReference; lastKnownFileType = sourcecode.swift; path = UICollectionViewFetchedResultsController.swift; sourceTree = "<group>"; };
		79A4363325DD9829004C0547 /* ImagesViewController.swift */ = {isa = PBXFileReference; lastKnownFileType = sourcecode.swift; path = ImagesViewController.swift; sourceTree = "<group>"; };
		79A4363425DD9829004C0547 /* ImagesViewController.xib */ = {isa = PBXFileReference; lastKnownFileType = file.xib; path = ImagesViewController.xib; sourceTree = "<group>"; };
		79A4363925DD9A93004C0547 /* ImagesDataSource.swift */ = {isa = PBXFileReference; lastKnownFileType = sourcecode.swift; path = ImagesDataSource.swift; sourceTree = "<group>"; };
		79A4363E25DD9B67004C0547 /* ImageCell.swift */ = {isa = PBXFileReference; lastKnownFileType = sourcecode.swift; path = ImageCell.swift; sourceTree = "<group>"; };
		79A4363F25DD9B67004C0547 /* ImageCell.xib */ = {isa = PBXFileReference; lastKnownFileType = file.xib; path = ImageCell.xib; sourceTree = "<group>"; };
		79A4364425DD9DB8004C0547 /* ImagesFRC.swift */ = {isa = PBXFileReference; lastKnownFileType = sourcecode.swift; path = ImagesFRC.swift; sourceTree = "<group>"; };
		79A4364825DDA074004C0547 /* UIResponder.swift */ = {isa = PBXFileReference; lastKnownFileType = sourcecode.swift; path = UIResponder.swift; sourceTree = "<group>"; };
		79B1999325DBB2950064B2C8 /* Homework-6.app */ = {isa = PBXFileReference; explicitFileType = wrapper.application; includeInIndex = 0; path = "Homework-6.app"; sourceTree = BUILT_PRODUCTS_DIR; };
		79B1999625DBB2950064B2C8 /* AppDelegate.swift */ = {isa = PBXFileReference; lastKnownFileType = sourcecode.swift; path = AppDelegate.swift; sourceTree = "<group>"; };
		79B1999825DBB2950064B2C8 /* SceneDelegate.swift */ = {isa = PBXFileReference; lastKnownFileType = sourcecode.swift; path = SceneDelegate.swift; sourceTree = "<group>"; };
		79B1999A25DBB2950064B2C8 /* LoginViewController.swift */ = {isa = PBXFileReference; lastKnownFileType = sourcecode.swift; path = LoginViewController.swift; sourceTree = "<group>"; };
		79B1999D25DBB2950064B2C8 /* Base */ = {isa = PBXFileReference; lastKnownFileType = file.storyboard; name = Base; path = Base.lproj/Main.storyboard; sourceTree = "<group>"; };
		79B199A025DBB2950064B2C8 /* Homework_6.xcdatamodel */ = {isa = PBXFileReference; lastKnownFileType = wrapper.xcdatamodel; path = Homework_6.xcdatamodel; sourceTree = "<group>"; };
		79B199A225DBB2980064B2C8 /* Assets.xcassets */ = {isa = PBXFileReference; lastKnownFileType = folder.assetcatalog; path = Assets.xcassets; sourceTree = "<group>"; };
		79B199A525DBB2980064B2C8 /* Base */ = {isa = PBXFileReference; lastKnownFileType = file.storyboard; name = Base; path = Base.lproj/LaunchScreen.storyboard; sourceTree = "<group>"; };
		79B199A725DBB2980064B2C8 /* Info.plist */ = {isa = PBXFileReference; lastKnownFileType = text.plist.xml; path = Info.plist; sourceTree = "<group>"; };
		79D7686825DD2D2B00405E7C /* ApiService.swift */ = {isa = PBXFileReference; lastKnownFileType = sourcecode.swift; path = ApiService.swift; sourceTree = "<group>"; };
		79D7686B25DD2E1F00405E7C /* ImageInfo.swift */ = {isa = PBXFileReference; lastKnownFileType = sourcecode.swift; path = ImageInfo.swift; sourceTree = "<group>"; };
		79F6F57525DC512E005EFDA3 /* RepositoryContent.swift */ = {isa = PBXFileReference; lastKnownFileType = sourcecode.swift; path = RepositoryContent.swift; sourceTree = "<group>"; };
/* End PBXFileReference section */

/* Begin PBXFrameworksBuildPhase section */
		79B1999025DBB2950064B2C8 /* Frameworks */ = {
			isa = PBXFrameworksBuildPhase;
			buildActionMask = 2147483647;
			files = (
				797CBA2625DEC97F00CE3611 /* LocalAuthentication.framework in Frameworks */,
				79654EAF25DBB91A0076E44E /* Alamofire in Frameworks */,
			);
			runOnlyForDeploymentPostprocessing = 0;
		};
/* End PBXFrameworksBuildPhase section */

/* Begin PBXGroup section */
		79507EC225DD24F600A3BDD1 /* Model */ = {
			isa = PBXGroup;
			children = (
				79F6F57525DC512E005EFDA3 /* RepositoryContent.swift */,
				79D7686B25DD2E1F00405E7C /* ImageInfo.swift */,
				7993C3B625DD306700F2A93F /* NetworkError.swift */,
				7913137B25DD483A00E3D60B /* ImageData.swift */,
			);
			path = Model;
			sourceTree = "<group>";
		};
		79507EC325DD250D00A3BDD1 /* Services */ = {
			isa = PBXGroup;
			children = (
				79654EC425DBCED40076E44E /* KeychainServices.swift */,
				79654EB125DBB9280076E44E /* AuthService.swift */,
				79D7686825DD2D2B00405E7C /* ApiService.swift */,
				79A0A8E325DD3DF5006F4833 /* DataProvider.swift */,
			);
			path = Services;
			sourceTree = "<group>";
		};
		79507EC425DD251C00A3BDD1 /* Helper */ = {
			isa = PBXGroup;
			children = (
				79A4364725DDA066004C0547 /* Extensions */,
			);
			path = Helper;
			sourceTree = "<group>";
		};
		79507EC525DD253500A3BDD1 /* Storyboard */ = {
			isa = PBXGroup;
			children = (
				79B1999C25DBB2950064B2C8 /* Main.storyboard */,
				79B199A425DBB2980064B2C8 /* LaunchScreen.storyboard */,
			);
			path = Storyboard;
			sourceTree = "<group>";
		};
		79507ECB25DD288600A3BDD1 /* CoreData */ = {
			isa = PBXGroup;
			children = (
				79507ED225DD28B600A3BDD1 /* Entities */,
				79507ED325DD28C800A3BDD1 /* CoreDataStack.swift */,
				7948377025DE4FDA00F18909 /* ImageFactory.swift */,
				79A4362F25DD9620004C0547 /* UICollectionViewFetchedResultsController.swift */,
			);
			path = CoreData;
			sourceTree = "<group>";
		};
		79507ED225DD28B600A3BDD1 /* Entities */ = {
			isa = PBXGroup;
			children = (
				79507ECD25DD28A400A3BDD1 /* CoreImage+CoreDataClass.swift */,
				79507ECE25DD28A400A3BDD1 /* CoreImage+CoreDataProperties.swift */,
			);
			path = Entities;
			sourceTree = "<group>";
		};
		79654ECB25DC05980076E44E /* Controller */ = {
			isa = PBXGroup;
			children = (
				79A4363825DD9A76004C0547 /* ImagesViewController */,
				79654EB725DBC3CC0076E44E /* AuthViewController.swift */,
				79B1999A25DBB2950064B2C8 /* LoginViewController.swift */,
			);
			path = Controller;
			sourceTree = "<group>";
		};
		797CBA2325DEC96A00CE3611 /* Frameworks */ = {
			isa = PBXGroup;
			children = (
				797CBA2425DEC96A00CE3611 /* LocalAuthentication.framework */,
			);
			name = Frameworks;
			sourceTree = "<group>";
		};
		79A4363825DD9A76004C0547 /* ImagesViewController */ = {
			isa = PBXGroup;
			children = (
				79A4363325DD9829004C0547 /* ImagesViewController.swift */,
				79A4363425DD9829004C0547 /* ImagesViewController.xib */,
				79A4363925DD9A93004C0547 /* ImagesDataSource.swift */,
				79A4364425DD9DB8004C0547 /* ImagesFRC.swift */,
			);
			path = ImagesViewController;
			sourceTree = "<group>";
		};
		79A4363D25DD9B4B004C0547 /* View */ = {
			isa = PBXGroup;
			children = (
				79A4363E25DD9B67004C0547 /* ImageCell.swift */,
				79A4363F25DD9B67004C0547 /* ImageCell.xib */,
			);
			path = View;
			sourceTree = "<group>";
		};
		79A4364725DDA066004C0547 /* Extensions */ = {
			isa = PBXGroup;
			children = (
				79A4364825DDA074004C0547 /* UIResponder.swift */,
			);
			path = Extensions;
			sourceTree = "<group>";
		};
		79B1998A25DBB2950064B2C8 = {
			isa = PBXGroup;
			children = (
				79B1999525DBB2950064B2C8 /* Homework-6 */,
				79B1999425DBB2950064B2C8 /* Products */,
				797CBA2325DEC96A00CE3611 /* Frameworks */,
			);
			sourceTree = "<group>";
		};
		79B1999425DBB2950064B2C8 /* Products */ = {
			isa = PBXGroup;
			children = (
				79B1999325DBB2950064B2C8 /* Homework-6.app */,
			);
			name = Products;
			sourceTree = "<group>";
		};
		79B1999525DBB2950064B2C8 /* Homework-6 */ = {
			isa = PBXGroup;
			children = (
				79A4363D25DD9B4B004C0547 /* View */,
				79507ECB25DD288600A3BDD1 /* CoreData */,
				79507EC525DD253500A3BDD1 /* Storyboard */,
				79507EC425DD251C00A3BDD1 /* Helper */,
				79507EC325DD250D00A3BDD1 /* Services */,
				79507EC225DD24F600A3BDD1 /* Model */,
				79654ECB25DC05980076E44E /* Controller */,
				79B1999625DBB2950064B2C8 /* AppDelegate.swift */,
				79B1999825DBB2950064B2C8 /* SceneDelegate.swift */,
				79B199A225DBB2980064B2C8 /* Assets.xcassets */,
				79B199A725DBB2980064B2C8 /* Info.plist */,
				79B1999F25DBB2950064B2C8 /* Images.xcdatamodeld */,
				797CBA2A25DEF79D00CE3611 /* Config.xcconfig */,
			);
			path = "Homework-6";
			sourceTree = "<group>";
		};
/* End PBXGroup section */

/* Begin PBXNativeTarget section */
		79B1999225DBB2950064B2C8 /* Homework-6 */ = {
			isa = PBXNativeTarget;
			buildConfigurationList = 79B199AA25DBB2980064B2C8 /* Build configuration list for PBXNativeTarget "Homework-6" */;
			buildPhases = (
				79B1998F25DBB2950064B2C8 /* Sources */,
				79B1999025DBB2950064B2C8 /* Frameworks */,
				79B1999125DBB2950064B2C8 /* Resources */,
				79654EC725DBFB2D0076E44E /* Swiftlint */,
				79A4362D25DD95AE004C0547 /* IBLinter */,
			);
			buildRules = (
			);
			dependencies = (
			);
			name = "Homework-6";
			packageProductDependencies = (
				79654EAE25DBB91A0076E44E /* Alamofire */,
			);
			productName = "Homework-6";
			productReference = 79B1999325DBB2950064B2C8 /* Homework-6.app */;
			productType = "com.apple.product-type.application";
		};
/* End PBXNativeTarget section */

/* Begin PBXProject section */
		79B1998B25DBB2950064B2C8 /* Project object */ = {
			isa = PBXProject;
			attributes = {
				LastSwiftUpdateCheck = 1230;
				LastUpgradeCheck = 1230;
				TargetAttributes = {
					79B1999225DBB2950064B2C8 = {
						CreatedOnToolsVersion = 12.3;
					};
				};
			};
			buildConfigurationList = 79B1998E25DBB2950064B2C8 /* Build configuration list for PBXProject "Homework-6" */;
			compatibilityVersion = "Xcode 9.3";
			developmentRegion = en;
			hasScannedForEncodings = 0;
			knownRegions = (
				en,
				Base,
			);
			mainGroup = 79B1998A25DBB2950064B2C8;
			packageReferences = (
				79654EAD25DBB91A0076E44E /* XCRemoteSwiftPackageReference "Alamofire" */,
			);
			productRefGroup = 79B1999425DBB2950064B2C8 /* Products */;
			projectDirPath = "";
			projectRoot = "";
			targets = (
				79B1999225DBB2950064B2C8 /* Homework-6 */,
			);
		};
/* End PBXProject section */

/* Begin PBXResourcesBuildPhase section */
		79B1999125DBB2950064B2C8 /* Resources */ = {
			isa = PBXResourcesBuildPhase;
			buildActionMask = 2147483647;
			files = (
				79B199A625DBB2980064B2C8 /* LaunchScreen.storyboard in Resources */,
				79B199A325DBB2980064B2C8 /* Assets.xcassets in Resources */,
				79A4363625DD9829004C0547 /* ImagesViewController.xib in Resources */,
				79A4364125DD9B67004C0547 /* ImageCell.xib in Resources */,
				79B1999E25DBB2950064B2C8 /* Main.storyboard in Resources */,
			);
			runOnlyForDeploymentPostprocessing = 0;
		};
/* End PBXResourcesBuildPhase section */

/* Begin PBXShellScriptBuildPhase section */
		79654EC725DBFB2D0076E44E /* Swiftlint */ = {
			isa = PBXShellScriptBuildPhase;
			buildActionMask = 2147483647;
			files = (
			);
			inputFileListPaths = (
			);
			inputPaths = (
			);
			name = Swiftlint;
			outputFileListPaths = (
			);
			outputPaths = (
			);
			runOnlyForDeploymentPostprocessing = 0;
			shellPath = /bin/sh;
			shellScript = "# Type a script or drag a script file from your workspace to insert its path.\nif which swiftlint >/dev/null; then\n  swiftlint\nelse\n  echo \"error: SwiftLint does not exist, download it from https://github.com/realm/SwiftLint\"\n  exit 1\nfi\n";
		};
		79A4362D25DD95AE004C0547 /* IBLinter */ = {
			isa = PBXShellScriptBuildPhase;
			buildActionMask = 2147483647;
			files = (
			);
			inputFileListPaths = (
			);
			inputPaths = (
			);
			name = IBLinter;
			outputFileListPaths = (
			);
			outputPaths = (
			);
			runOnlyForDeploymentPostprocessing = 0;
			shellPath = /bin/sh;
			shellScript = "# Type a script or drag a script file from your workspace to insert its path.\nif which iblinter >/dev/null; then\n  iblinter lint\nelse\n  echo \"warning: IBLinter not installed, download from https://github.com/IBDecodable/IBLinter\"\nfi\n";
		};
/* End PBXShellScriptBuildPhase section */

/* Begin PBXSourcesBuildPhase section */
		79B1998F25DBB2950064B2C8 /* Sources */ = {
			isa = PBXSourcesBuildPhase;
			buildActionMask = 2147483647;
			files = (
				7948377125DE4FDA00F18909 /* ImageFactory.swift in Sources */,
				7993C3B725DD306700F2A93F /* NetworkError.swift in Sources */,
				79D7686C25DD2E1F00405E7C /* ImageInfo.swift in Sources */,
				79654EB225DBB9280076E44E /* AuthService.swift in Sources */,
				79A4364525DD9DB8004C0547 /* ImagesFRC.swift in Sources */,
				79654EC525DBCED40076E44E /* KeychainServices.swift in Sources */,
				79A4363525DD9829004C0547 /* ImagesViewController.swift in Sources */,
				79A4364025DD9B67004C0547 /* ImageCell.swift in Sources */,
				7913137C25DD483A00E3D60B /* ImageData.swift in Sources */,
				79F6F57625DC512E005EFDA3 /* RepositoryContent.swift in Sources */,
				79507ED025DD28A400A3BDD1 /* CoreImage+CoreDataProperties.swift in Sources */,
				79B199A125DBB2950064B2C8 /* Images.xcdatamodeld in Sources */,
				79507ED425DD28C800A3BDD1 /* CoreDataStack.swift in Sources */,
				79B1999B25DBB2950064B2C8 /* LoginViewController.swift in Sources */,
				79654EB825DBC3CC0076E44E /* AuthViewController.swift in Sources */,
				79B1999725DBB2950064B2C8 /* AppDelegate.swift in Sources */,
				79B1999925DBB2950064B2C8 /* SceneDelegate.swift in Sources */,
				79A4363A25DD9A93004C0547 /* ImagesDataSource.swift in Sources */,
				79A4364925DDA074004C0547 /* UIResponder.swift in Sources */,
				79A4363025DD9620004C0547 /* UICollectionViewFetchedResultsController.swift in Sources */,
				79A0A8E425DD3DF5006F4833 /* DataProvider.swift in Sources */,
				79507ECF25DD28A400A3BDD1 /* CoreImage+CoreDataClass.swift in Sources */,
				79D7686925DD2D2B00405E7C /* ApiService.swift in Sources */,
			);
			runOnlyForDeploymentPostprocessing = 0;
		};
/* End PBXSourcesBuildPhase section */

/* Begin PBXVariantGroup section */
		79B1999C25DBB2950064B2C8 /* Main.storyboard */ = {
			isa = PBXVariantGroup;
			children = (
				79B1999D25DBB2950064B2C8 /* Base */,
			);
			name = Main.storyboard;
			sourceTree = "<group>";
		};
		79B199A425DBB2980064B2C8 /* LaunchScreen.storyboard */ = {
			isa = PBXVariantGroup;
			children = (
				79B199A525DBB2980064B2C8 /* Base */,
			);
			name = LaunchScreen.storyboard;
			sourceTree = "<group>";
		};
/* End PBXVariantGroup section */

/* Begin XCBuildConfiguration section */
		79B199A825DBB2980064B2C8 /* Debug */ = {
			isa = XCBuildConfiguration;
			baseConfigurationReference = 797CBA2A25DEF79D00CE3611 /* Config.xcconfig */;
			buildSettings = {
				ALWAYS_SEARCH_USER_PATHS = NO;
				CLANG_ANALYZER_NONNULL = YES;
				CLANG_ANALYZER_NUMBER_OBJECT_CONVERSION = YES_AGGRESSIVE;
				CLANG_CXX_LANGUAGE_STANDARD = "gnu++14";
				CLANG_CXX_LIBRARY = "libc++";
				CLANG_ENABLE_MODULES = YES;
				CLANG_ENABLE_OBJC_ARC = YES;
				CLANG_ENABLE_OBJC_WEAK = YES;
				CLANG_WARN_BLOCK_CAPTURE_AUTORELEASING = YES;
				CLANG_WARN_BOOL_CONVERSION = YES;
				CLANG_WARN_COMMA = YES;
				CLANG_WARN_CONSTANT_CONVERSION = YES;
				CLANG_WARN_DEPRECATED_OBJC_IMPLEMENTATIONS = YES;
				CLANG_WARN_DIRECT_OBJC_ISA_USAGE = YES_ERROR;
				CLANG_WARN_DOCUMENTATION_COMMENTS = YES;
				CLANG_WARN_EMPTY_BODY = YES;
				CLANG_WARN_ENUM_CONVERSION = YES;
				CLANG_WARN_INFINITE_RECURSION = YES;
				CLANG_WARN_INT_CONVERSION = YES;
				CLANG_WARN_NON_LITERAL_NULL_CONVERSION = YES;
				CLANG_WARN_OBJC_IMPLICIT_RETAIN_SELF = YES;
				CLANG_WARN_OBJC_LITERAL_CONVERSION = YES;
				CLANG_WARN_OBJC_ROOT_CLASS = YES_ERROR;
				CLANG_WARN_QUOTED_INCLUDE_IN_FRAMEWORK_HEADER = YES;
				CLANG_WARN_RANGE_LOOP_ANALYSIS = YES;
				CLANG_WARN_STRICT_PROTOTYPES = YES;
				CLANG_WARN_SUSPICIOUS_MOVE = YES;
				CLANG_WARN_UNGUARDED_AVAILABILITY = YES_AGGRESSIVE;
				CLANG_WARN_UNREACHABLE_CODE = YES;
				CLANG_WARN__DUPLICATE_METHOD_MATCH = YES;
				COPY_PHASE_STRIP = NO;
				DEBUG_INFORMATION_FORMAT = dwarf;
				ENABLE_STRICT_OBJC_MSGSEND = YES;
				ENABLE_TESTABILITY = YES;
				GCC_C_LANGUAGE_STANDARD = gnu11;
				GCC_DYNAMIC_NO_PIC = NO;
				GCC_NO_COMMON_BLOCKS = YES;
				GCC_OPTIMIZATION_LEVEL = 0;
				GCC_PREPROCESSOR_DEFINITIONS = (
					"DEBUG=1",
					"$(inherited)",
				);
				GCC_WARN_64_TO_32_BIT_CONVERSION = YES;
				GCC_WARN_ABOUT_RETURN_TYPE = YES_ERROR;
				GCC_WARN_UNDECLARED_SELECTOR = YES;
				GCC_WARN_UNINITIALIZED_AUTOS = YES_AGGRESSIVE;
				GCC_WARN_UNUSED_FUNCTION = YES;
				GCC_WARN_UNUSED_VARIABLE = YES;
				IPHONEOS_DEPLOYMENT_TARGET = 14.3;
				MTL_ENABLE_DEBUG_INFO = INCLUDE_SOURCE;
				MTL_FAST_MATH = YES;
				ONLY_ACTIVE_ARCH = YES;
				SDKROOT = iphoneos;
				SWIFT_ACTIVE_COMPILATION_CONDITIONS = DEBUG;
				SWIFT_OPTIMIZATION_LEVEL = "-Onone";
			};
			name = Debug;
		};
		79B199A925DBB2980064B2C8 /* Release */ = {
			isa = XCBuildConfiguration;
			baseConfigurationReference = 797CBA2A25DEF79D00CE3611 /* Config.xcconfig */;
			buildSettings = {
				ALWAYS_SEARCH_USER_PATHS = NO;
				CLANG_ANALYZER_NONNULL = YES;
				CLANG_ANALYZER_NUMBER_OBJECT_CONVERSION = YES_AGGRESSIVE;
				CLANG_CXX_LANGUAGE_STANDARD = "gnu++14";
				CLANG_CXX_LIBRARY = "libc++";
				CLANG_ENABLE_MODULES = YES;
				CLANG_ENABLE_OBJC_ARC = YES;
				CLANG_ENABLE_OBJC_WEAK = YES;
				CLANG_WARN_BLOCK_CAPTURE_AUTORELEASING = YES;
				CLANG_WARN_BOOL_CONVERSION = YES;
				CLANG_WARN_COMMA = YES;
				CLANG_WARN_CONSTANT_CONVERSION = YES;
				CLANG_WARN_DEPRECATED_OBJC_IMPLEMENTATIONS = YES;
				CLANG_WARN_DIRECT_OBJC_ISA_USAGE = YES_ERROR;
				CLANG_WARN_DOCUMENTATION_COMMENTS = YES;
				CLANG_WARN_EMPTY_BODY = YES;
				CLANG_WARN_ENUM_CONVERSION = YES;
				CLANG_WARN_INFINITE_RECURSION = YES;
				CLANG_WARN_INT_CONVERSION = YES;
				CLANG_WARN_NON_LITERAL_NULL_CONVERSION = YES;
				CLANG_WARN_OBJC_IMPLICIT_RETAIN_SELF = YES;
				CLANG_WARN_OBJC_LITERAL_CONVERSION = YES;
				CLANG_WARN_OBJC_ROOT_CLASS = YES_ERROR;
				CLANG_WARN_QUOTED_INCLUDE_IN_FRAMEWORK_HEADER = YES;
				CLANG_WARN_RANGE_LOOP_ANALYSIS = YES;
				CLANG_WARN_STRICT_PROTOTYPES = YES;
				CLANG_WARN_SUSPICIOUS_MOVE = YES;
				CLANG_WARN_UNGUARDED_AVAILABILITY = YES_AGGRESSIVE;
				CLANG_WARN_UNREACHABLE_CODE = YES;
				CLANG_WARN__DUPLICATE_METHOD_MATCH = YES;
				COPY_PHASE_STRIP = NO;
				DEBUG_INFORMATION_FORMAT = "dwarf-with-dsym";
				ENABLE_NS_ASSERTIONS = NO;
				ENABLE_STRICT_OBJC_MSGSEND = YES;
				GCC_C_LANGUAGE_STANDARD = gnu11;
				GCC_NO_COMMON_BLOCKS = YES;
				GCC_WARN_64_TO_32_BIT_CONVERSION = YES;
				GCC_WARN_ABOUT_RETURN_TYPE = YES_ERROR;
				GCC_WARN_UNDECLARED_SELECTOR = YES;
				GCC_WARN_UNINITIALIZED_AUTOS = YES_AGGRESSIVE;
				GCC_WARN_UNUSED_FUNCTION = YES;
				GCC_WARN_UNUSED_VARIABLE = YES;
				IPHONEOS_DEPLOYMENT_TARGET = 14.3;
				MTL_ENABLE_DEBUG_INFO = NO;
				MTL_FAST_MATH = YES;
				SDKROOT = iphoneos;
				SWIFT_COMPILATION_MODE = wholemodule;
				SWIFT_OPTIMIZATION_LEVEL = "-O";
				VALIDATE_PRODUCT = YES;
			};
			name = Release;
		};
		79B199AB25DBB2980064B2C8 /* Debug */ = {
			isa = XCBuildConfiguration;
			baseConfigurationReference = 797CBA2A25DEF79D00CE3611 /* Config.xcconfig */;
			buildSettings = {
				ASSETCATALOG_COMPILER_APPICON_NAME = AppIcon;
				ASSETCATALOG_COMPILER_GLOBAL_ACCENT_COLOR_NAME = AccentColor;
				CODE_SIGN_STYLE = Automatic;
				DEVELOPMENT_TEAM = G66XPV3HVM;
				INFOPLIST_FILE = "Homework-6/Info.plist";
				IPHONEOS_DEPLOYMENT_TARGET = 14.0;
				LD_RUNPATH_SEARCH_PATHS = (
					"$(inherited)",
					"@executable_path/Frameworks",
				);
				PRODUCT_BUNDLE_IDENTIFIER = "com.pavlovskyive.Homework-6";
				PRODUCT_NAME = "$(TARGET_NAME)";
				SWIFT_VERSION = 5.0;
				TARGETED_DEVICE_FAMILY = 1;
			};
			name = Debug;
		};
		79B199AC25DBB2980064B2C8 /* Release */ = {
			isa = XCBuildConfiguration;
			baseConfigurationReference = 797CBA2A25DEF79D00CE3611 /* Config.xcconfig */;
			buildSettings = {
				ASSETCATALOG_COMPILER_APPICON_NAME = AppIcon;
				ASSETCATALOG_COMPILER_GLOBAL_ACCENT_COLOR_NAME = AccentColor;
				CODE_SIGN_STYLE = Automatic;
				DEVELOPMENT_TEAM = G66XPV3HVM;
				INFOPLIST_FILE = "Homework-6/Info.plist";
				IPHONEOS_DEPLOYMENT_TARGET = 14.0;
				LD_RUNPATH_SEARCH_PATHS = (
					"$(inherited)",
					"@executable_path/Frameworks",
				);
				PRODUCT_BUNDLE_IDENTIFIER = "com.pavlovskyive.Homework-6";
				PRODUCT_NAME = "$(TARGET_NAME)";
				SWIFT_VERSION = 5.0;
				TARGETED_DEVICE_FAMILY = 1;
			};
			name = Release;
		};
/* End XCBuildConfiguration section */

/* Begin XCConfigurationList section */
		79B1998E25DBB2950064B2C8 /* Build configuration list for PBXProject "Homework-6" */ = {
			isa = XCConfigurationList;
			buildConfigurations = (
				79B199A825DBB2980064B2C8 /* Debug */,
				79B199A925DBB2980064B2C8 /* Release */,
			);
			defaultConfigurationIsVisible = 0;
			defaultConfigurationName = Release;
		};
		79B199AA25DBB2980064B2C8 /* Build configuration list for PBXNativeTarget "Homework-6" */ = {
			isa = XCConfigurationList;
			buildConfigurations = (
				79B199AB25DBB2980064B2C8 /* Debug */,
				79B199AC25DBB2980064B2C8 /* Release */,
			);
			defaultConfigurationIsVisible = 0;
			defaultConfigurationName = Release;
		};
/* End XCConfigurationList section */

/* Begin XCRemoteSwiftPackageReference section */
		79654EAD25DBB91A0076E44E /* XCRemoteSwiftPackageReference "Alamofire" */ = {
			isa = XCRemoteSwiftPackageReference;
			repositoryURL = "https://github.com/Alamofire/Alamofire";
			requirement = {
				kind = upToNextMajorVersion;
				minimumVersion = 5.4.1;
			};
		};
/* End XCRemoteSwiftPackageReference section */

/* Begin XCSwiftPackageProductDependency section */
		79654EAE25DBB91A0076E44E /* Alamofire */ = {
			isa = XCSwiftPackageProductDependency;
			package = 79654EAD25DBB91A0076E44E /* XCRemoteSwiftPackageReference "Alamofire" */;
			productName = Alamofire;
		};
/* End XCSwiftPackageProductDependency section */

/* Begin XCVersionGroup section */
		79B1999F25DBB2950064B2C8 /* Images.xcdatamodeld */ = {
			isa = XCVersionGroup;
			children = (
				79B199A025DBB2950064B2C8 /* Homework_6.xcdatamodel */,
			);
			currentVersion = 79B199A025DBB2950064B2C8 /* Homework_6.xcdatamodel */;
			path = Images.xcdatamodeld;
			sourceTree = "<group>";
			versionGroupType = wrapper.xcdatamodel;
		};
/* End XCVersionGroup section */
	};
	rootObject = 79B1998B25DBB2950064B2C8 /* Project object */;
}
